
Microsoft Visual Studio Solution File, Format Version 12.00
# Visual Studio Version 16
VisualStudioVersion = 16.0.29728.190
MinimumVisualStudioVersion = 10.0.40219.1
Project("{FAE04EC0-301F-11D3-BF4B-00C04F79EFBC}") = "practical_task2", "practical_task2.csproj", "{DCEE526D-2366-4AF8-8B3C-89F28A2BB244}"
EndProject
Global
	GlobalSection(SolutionConfigurationPlatforms) = preSolution
		Debug|Any CPU = Debug|Any CPU
		Release|Any CPU = Release|Any CPU
	EndGlobalSection
	GlobalSection(ProjectConfigurationPlatforms) = postSolution
		{DCEE526D-2366-4AF8-8B3C-89F28A2BB244}.Debug|Any CPU.ActiveCfg = Debug|Any CPU
		{DCEE526D-2366-4AF8-8B3C-89F28A2BB244}.Debug|Any CPU.Build.0 = Debug|Any CPU
		{DCEE526D-2366-4AF8-8B3C-89F28A2BB244}.Release|Any CPU.ActiveCfg = Release|Any CPU
		{DCEE526D-2366-4AF8-8B3C-89F28A2BB244}.Release|Any CPU.Build.0 = Release|Any CPU
	EndGlobalSection
	GlobalSection(SolutionProperties) = preSolution
		HideSolutionNode = FALSE
	EndGlobalSection
	GlobalSection(ExtensibilityGlobals) = postSolution
		SolutionGuid = {0EB0CDCE-43B8-4A2B-B02A-B3376ECB6F2A}
	EndGlobalSection
EndGlobal
